
Microsoft Visual Studio Solution File, Format Version 12.00
# Visual Studio Version 16
VisualStudioVersion = 16.0.31019.35
MinimumVisualStudioVersion = 10.0.40219.1
Project("{FAE04EC0-301F-11D3-BF4B-00C04F79EFBC}") = "13_Authentication_Authorization", "13_Authentication_Authorization.csproj", "{A3A578CB-3B49-410C-903C-156F5F426438}"
EndProject
Global
	GlobalSection(SolutionConfigurationPlatforms) = preSolution
		Debug|Any CPU = Debug|Any CPU
		Release|Any CPU = Release|Any CPU
	EndGlobalSection
	GlobalSection(ProjectConfigurationPlatforms) = postSolution
		{A3A578CB-3B49-410C-903C-156F5F426438}.Debug|Any CPU.ActiveCfg = Debug|Any CPU
		{A3A578CB-3B49-410C-903C-156F5F426438}.Debug|Any CPU.Build.0 = Debug|Any CPU
		{A3A578CB-3B49-410C-903C-156F5F426438}.Release|Any CPU.ActiveCfg = Release|Any CPU
		{A3A578CB-3B49-410C-903C-156F5F426438}.Release|Any CPU.Build.0 = Release|Any CPU
	EndGlobalSection
	GlobalSection(SolutionProperties) = preSolution
		HideSolutionNode = FALSE
	EndGlobalSection
	GlobalSection(ExtensibilityGlobals) = postSolution
		SolutionGuid = {B337504A-5467-42BA-B220-A24263A41CA8}
	EndGlobalSection
EndGlobal
