
Microsoft Visual Studio Solution File, Format Version 12.00
# Visual Studio Version 16
VisualStudioVersion = 16.0.31019.35
MinimumVisualStudioVersion = 10.0.40219.1
Project("{FAE04EC0-301F-11D3-BF4B-00C04F79EFBC}") = "00_GettingStarted_RazorPages", "00_GettingStarted_RazorPages.csproj", "{34A3CFD9-709F-4E65-B9FE-B197696E85BD}"
EndProject
Global
	GlobalSection(SolutionConfigurationPlatforms) = preSolution
		Debug|Any CPU = Debug|Any CPU
		Release|Any CPU = Release|Any CPU
	EndGlobalSection
	GlobalSection(ProjectConfigurationPlatforms) = postSolution
		{34A3CFD9-709F-4E65-B9FE-B197696E85BD}.Debug|Any CPU.ActiveCfg = Debug|Any CPU
		{34A3CFD9-709F-4E65-B9FE-B197696E85BD}.Debug|Any CPU.Build.0 = Debug|Any CPU
		{34A3CFD9-709F-4E65-B9FE-B197696E85BD}.Release|Any CPU.ActiveCfg = Release|Any CPU
		{34A3CFD9-709F-4E65-B9FE-B197696E85BD}.Release|Any CPU.Build.0 = Release|Any CPU
	EndGlobalSection
	GlobalSection(SolutionProperties) = preSolution
		HideSolutionNode = FALSE
	EndGlobalSection
	GlobalSection(ExtensibilityGlobals) = postSolution
		SolutionGuid = {347415B0-D783-4FBA-9744-D623A41FE364}
	EndGlobalSection
EndGlobal
