
Microsoft Visual Studio Solution File, Format Version 12.00
# Visual Studio Version 16
VisualStudioVersion = 16.0.31019.35
MinimumVisualStudioVersion = 10.0.40219.1
Project("{FAE04EC0-301F-11D3-BF4B-00C04F79EFBC}") = "14_GettingStarted_SignalR", "14_GettingStarted_SignalR.csproj", "{953EF737-45BD-4B45-902C-06BACCF8BA17}"
EndProject
Global
	GlobalSection(SolutionConfigurationPlatforms) = preSolution
		Debug|Any CPU = Debug|Any CPU
		Release|Any CPU = Release|Any CPU
	EndGlobalSection
	GlobalSection(ProjectConfigurationPlatforms) = postSolution
		{953EF737-45BD-4B45-902C-06BACCF8BA17}.Debug|Any CPU.ActiveCfg = Debug|Any CPU
		{953EF737-45BD-4B45-902C-06BACCF8BA17}.Debug|Any CPU.Build.0 = Debug|Any CPU
		{953EF737-45BD-4B45-902C-06BACCF8BA17}.Release|Any CPU.ActiveCfg = Release|Any CPU
		{953EF737-45BD-4B45-902C-06BACCF8BA17}.Release|Any CPU.Build.0 = Release|Any CPU
	EndGlobalSection
	GlobalSection(SolutionProperties) = preSolution
		HideSolutionNode = FALSE
	EndGlobalSection
	GlobalSection(ExtensibilityGlobals) = postSolution
		SolutionGuid = {166AEC2C-CEC4-4BF3-8D44-AE5F66463931}
	EndGlobalSection
EndGlobal
