
Microsoft Visual Studio Solution File, Format Version 12.00
# Visual Studio Version 16
VisualStudioVersion = 16.0.31019.35
MinimumVisualStudioVersion = 10.0.40219.1
Project("{FAE04EC0-301F-11D3-BF4B-00C04F79EFBC}") = "04_DependencyInjection", "04_DependencyInjection.csproj", "{8DD005F8-B738-4026-BE75-B2D674142A92}"
EndProject
Global
	GlobalSection(SolutionConfigurationPlatforms) = preSolution
		Debug|Any CPU = Debug|Any CPU
		Release|Any CPU = Release|Any CPU
	EndGlobalSection
	GlobalSection(ProjectConfigurationPlatforms) = postSolution
		{8DD005F8-B738-4026-BE75-B2D674142A92}.Debug|Any CPU.ActiveCfg = Debug|Any CPU
		{8DD005F8-B738-4026-BE75-B2D674142A92}.Debug|Any CPU.Build.0 = Debug|Any CPU
		{8DD005F8-B738-4026-BE75-B2D674142A92}.Release|Any CPU.ActiveCfg = Release|Any CPU
		{8DD005F8-B738-4026-BE75-B2D674142A92}.Release|Any CPU.Build.0 = Release|Any CPU
	EndGlobalSection
	GlobalSection(SolutionProperties) = preSolution
		HideSolutionNode = FALSE
	EndGlobalSection
	GlobalSection(ExtensibilityGlobals) = postSolution
		SolutionGuid = {0D4547A9-FC0B-4BA7-A366-B2687FAEAAA2}
	EndGlobalSection
EndGlobal
