
Microsoft Visual Studio Solution File, Format Version 12.00
# Visual Studio Version 16
VisualStudioVersion = 16.0.31019.35
MinimumVisualStudioVersion = 10.0.40219.1
Project("{FAE04EC0-301F-11D3-BF4B-00C04F79EFBC}") = "12_HostedServices_ServiceWorkers", "12_HostedServices_ServiceWorkers.csproj", "{CE7EA3E3-B10A-4821-BAF9-55011FFC1B66}"
EndProject
Global
	GlobalSection(SolutionConfigurationPlatforms) = preSolution
		Debug|Any CPU = Debug|Any CPU
		Release|Any CPU = Release|Any CPU
	EndGlobalSection
	GlobalSection(ProjectConfigurationPlatforms) = postSolution
		{CE7EA3E3-B10A-4821-BAF9-55011FFC1B66}.Debug|Any CPU.ActiveCfg = Debug|Any CPU
		{CE7EA3E3-B10A-4821-BAF9-55011FFC1B66}.Debug|Any CPU.Build.0 = Debug|Any CPU
		{CE7EA3E3-B10A-4821-BAF9-55011FFC1B66}.Release|Any CPU.ActiveCfg = Release|Any CPU
		{CE7EA3E3-B10A-4821-BAF9-55011FFC1B66}.Release|Any CPU.Build.0 = Release|Any CPU
	EndGlobalSection
	GlobalSection(SolutionProperties) = preSolution
		HideSolutionNode = FALSE
	EndGlobalSection
	GlobalSection(ExtensibilityGlobals) = postSolution
		SolutionGuid = {C98D00CE-4259-4C6B-A73B-6B02875DFEC3}
	EndGlobalSection
EndGlobal
